
Microsoft Visual Studio Solution File, Format Version 12.00
# Visual Studio Version 17
VisualStudioVersion = 17.5.33627.172
MinimumVisualStudioVersion = 10.0.40219.1
Project("{9A19103F-16F7-4668-BE54-9A1E7A4F7556}") = "VehicleApi", "VehicleApi\VehicleApi.csproj", "{41E95AD1-D9A5-4C7D-B81C-D6CF5E3F65FC}"
EndProject
Project("{9A19103F-16F7-4668-BE54-9A1E7A4F7556}") = "CustomersApi", "CustomersApi\CustomersApi.csproj", "{8F941366-272C-4974-BCE6-B513E258578D}"
EndProject
Project("{9A19103F-16F7-4668-BE54-9A1E7A4F7556}") = "ReservationsApi", "ReservationsApi\ReservationsApi.csproj", "{C6827A12-BC13-4FBF-A072-CDEDB2B38B2A}"
EndProject
Global
	GlobalSection(SolutionConfigurationPlatforms) = preSolution
		Debug|Any CPU = Debug|Any CPU
		Release|Any CPU = Release|Any CPU
	EndGlobalSection
	GlobalSection(ProjectConfigurationPlatforms) = postSolution
		{41E95AD1-D9A5-4C7D-B81C-D6CF5E3F65FC}.Debug|Any CPU.ActiveCfg = Debug|Any CPU
		{41E95AD1-D9A5-4C7D-B81C-D6CF5E3F65FC}.Debug|Any CPU.Build.0 = Debug|Any CPU
		{41E95AD1-D9A5-4C7D-B81C-D6CF5E3F65FC}.Release|Any CPU.ActiveCfg = Release|Any CPU
		{41E95AD1-D9A5-4C7D-B81C-D6CF5E3F65FC}.Release|Any CPU.Build.0 = Release|Any CPU
		{8F941366-272C-4974-BCE6-B513E258578D}.Debug|Any CPU.ActiveCfg = Debug|Any CPU
		{8F941366-272C-4974-BCE6-B513E258578D}.Debug|Any CPU.Build.0 = Debug|Any CPU
		{8F941366-272C-4974-BCE6-B513E258578D}.Release|Any CPU.ActiveCfg = Release|Any CPU
		{8F941366-272C-4974-BCE6-B513E258578D}.Release|Any CPU.Build.0 = Release|Any CPU
		{C6827A12-BC13-4FBF-A072-CDEDB2B38B2A}.Debug|Any CPU.ActiveCfg = Debug|Any CPU
		{C6827A12-BC13-4FBF-A072-CDEDB2B38B2A}.Debug|Any CPU.Build.0 = Debug|Any CPU
		{C6827A12-BC13-4FBF-A072-CDEDB2B38B2A}.Release|Any CPU.ActiveCfg = Release|Any CPU
		{C6827A12-BC13-4FBF-A072-CDEDB2B38B2A}.Release|Any CPU.Build.0 = Release|Any CPU
	EndGlobalSection
	GlobalSection(SolutionProperties) = preSolution
		HideSolutionNode = FALSE
	EndGlobalSection
	GlobalSection(ExtensibilityGlobals) = postSolution
		SolutionGuid = {13D37BF9-A119-481D-AB21-D26B812534D3}
	EndGlobalSection
EndGlobal
